// !$*UTF8*$!
{
	archiveVersion = 1;
	classes = {
	};
	objectVersion = 56;
	objects = {

/* Begin PBXBuildFile section */
		50E89CED2DF1AA1A0017B69F /* SwiftUIBootcampApp.swift in Sources */ = {isa = PBXBuildFile; fileRef = 50E89CEC2DF1AA1A0017B69F /* SwiftUIBootcampApp.swift */; };
		50E89CEF2DF1AA1A0017B69F /* ContentView.swift in Sources */ = {isa = PBXBuildFile; fileRef = 50E89CEE2DF1AA1A0017B69F /* ContentView.swift */; };
		50E89CF12DF1AA1C0017B69F /* Assets.xcassets in Resources */ = {isa = PBXBuildFile; fileRef = 50E89CF02DF1AA1C0017B69F /* Assets.xcassets */; };
		50E89CF42DF1AA1C0017B69F /* Preview Assets.xcassets in Resources */ = {isa = PBXBuildFile; fileRef = 50E89CF32DF1AA1C0017B69F /* Preview Assets.xcassets */; };
		50E89CFE2DF1B0D00017B69F /* TextBootcamp.swift in Sources */ = {isa = PBXBuildFile; fileRef = 50E89CFD2DF1B0D00017B69F /* TextBootcamp.swift */; };
		50E89D002DF1B2920017B69F /* ShapesBootcamp.swift in Sources */ = {isa = PBXBuildFile; fileRef = 50E89CFF2DF1B2910017B69F /* ShapesBootcamp.swift */; };
		50E89D022DF1B8620017B69F /* ColorsBootcamp.swift in Sources */ = {isa = PBXBuildFile; fileRef = 50E89D012DF1B8620017B69F /* ColorsBootcamp.swift */; };
		50E89D042DF1BA150017B69F /* GradientsBootcamp.swift in Sources */ = {isa = PBXBuildFile; fileRef = 50E89D032DF1BA150017B69F /* GradientsBootcamp.swift */; };
		50E89D062DF1D94B0017B69F /* IconsBootcamp.swift in Sources */ = {isa = PBXBuildFile; fileRef = 50E89D052DF1D94B0017B69F /* IconsBootcamp.swift */; };
		50E89D082DF1DC4E0017B69F /* ImageBootcamp.swift in Sources */ = {isa = PBXBuildFile; fileRef = 50E89D072DF1DC4E0017B69F /* ImageBootcamp.swift */; };
		50E89D0A2DF1E0A20017B69F /* FrameBootcamp.swift in Sources */ = {isa = PBXBuildFile; fileRef = 50E89D092DF1E0A20017B69F /* FrameBootcamp.swift */; };
		50E89D0C2DF1E5A20017B69F /* BackgroundAndOverlayBootcamp.swift in Sources */ = {isa = PBXBuildFile; fileRef = 50E89D0B2DF1E5A20017B69F /* BackgroundAndOverlayBootcamp.swift */; };
		50E89D0E2DF23D380017B69F /* StacksBootcamp.swift in Sources */ = {isa = PBXBuildFile; fileRef = 50E89D0D2DF23D380017B69F /* StacksBootcamp.swift */; };
		50E89D102DF241E90017B69F /* PaddingBootcamp.swift in Sources */ = {isa = PBXBuildFile; fileRef = 50E89D0F2DF241E90017B69F /* PaddingBootcamp.swift */; };
		50E89D122DF2FFC30017B69F /* SpacerBootcamp.swift in Sources */ = {isa = PBXBuildFile; fileRef = 50E89D112DF2FFC30017B69F /* SpacerBootcamp.swift */; };
		50E89D142DF308190017B69F /* InitializerBootcamp.swift in Sources */ = {isa = PBXBuildFile; fileRef = 50E89D132DF308190017B69F /* InitializerBootcamp.swift */; };
		50E89D162DF30D9B0017B69F /* ForEachBootcamp.swift in Sources */ = {isa = PBXBuildFile; fileRef = 50E89D152DF30D9B0017B69F /* ForEachBootcamp.swift */; };
		50E89D182DF317EC0017B69F /* ScrollViewBootcamp.swift in Sources */ = {isa = PBXBuildFile; fileRef = 50E89D172DF317EC0017B69F /* ScrollViewBootcamp.swift */; };
		50E89D1A2DF378000017B69F /* GridBootcamp.swift in Sources */ = {isa = PBXBuildFile; fileRef = 50E89D192DF378000017B69F /* GridBootcamp.swift */; };
/* End PBXBuildFile section */

/* Begin PBXFileReference section */
		50E89CE92DF1AA1A0017B69F /* SwiftUIBootcamp.app */ = {isa = PBXFileReference; explicitFileType = wrapper.application; includeInIndex = 0; path = SwiftUIBootcamp.app; sourceTree = BUILT_PRODUCTS_DIR; };
		50E89CEC2DF1AA1A0017B69F /* SwiftUIBootcampApp.swift */ = {isa = PBXFileReference; lastKnownFileType = sourcecode.swift; path = SwiftUIBootcampApp.swift; sourceTree = "<group>"; };
		50E89CEE2DF1AA1A0017B69F /* ContentView.swift */ = {isa = PBXFileReference; lastKnownFileType = sourcecode.swift; path = ContentView.swift; sourceTree = "<group>"; };
		50E89CF02DF1AA1C0017B69F /* Assets.xcassets */ = {isa = PBXFileReference; lastKnownFileType = folder.assetcatalog; path = Assets.xcassets; sourceTree = "<group>"; };
		50E89CF32DF1AA1C0017B69F /* Preview Assets.xcassets */ = {isa = PBXFileReference; lastKnownFileType = folder.assetcatalog; path = "Preview Assets.xcassets"; sourceTree = "<group>"; };
		50E89CFD2DF1B0D00017B69F /* TextBootcamp.swift */ = {isa = PBXFileReference; lastKnownFileType = sourcecode.swift; path = TextBootcamp.swift; sourceTree = "<group>"; };
		50E89CFF2DF1B2910017B69F /* ShapesBootcamp.swift */ = {isa = PBXFileReference; lastKnownFileType = sourcecode.swift; path = ShapesBootcamp.swift; sourceTree = "<group>"; };
		50E89D012DF1B8620017B69F /* ColorsBootcamp.swift */ = {isa = PBXFileReference; lastKnownFileType = sourcecode.swift; path = ColorsBootcamp.swift; sourceTree = "<group>"; };
		50E89D032DF1BA150017B69F /* GradientsBootcamp.swift */ = {isa = PBXFileReference; lastKnownFileType = sourcecode.swift; path = GradientsBootcamp.swift; sourceTree = "<group>"; };
		50E89D052DF1D94B0017B69F /* IconsBootcamp.swift */ = {isa = PBXFileReference; lastKnownFileType = sourcecode.swift; path = IconsBootcamp.swift; sourceTree = "<group>"; };
		50E89D072DF1DC4E0017B69F /* ImageBootcamp.swift */ = {isa = PBXFileReference; lastKnownFileType = sourcecode.swift; path = ImageBootcamp.swift; sourceTree = "<group>"; };
		50E89D092DF1E0A20017B69F /* FrameBootcamp.swift */ = {isa = PBXFileReference; lastKnownFileType = sourcecode.swift; path = FrameBootcamp.swift; sourceTree = "<group>"; };
		50E89D0B2DF1E5A20017B69F /* BackgroundAndOverlayBootcamp.swift */ = {isa = PBXFileReference; lastKnownFileType = sourcecode.swift; path = BackgroundAndOverlayBootcamp.swift; sourceTree = "<group>"; };
		50E89D0D2DF23D380017B69F /* StacksBootcamp.swift */ = {isa = PBXFileReference; lastKnownFileType = sourcecode.swift; path = StacksBootcamp.swift; sourceTree = "<group>"; };
		50E89D0F2DF241E90017B69F /* PaddingBootcamp.swift */ = {isa = PBXFileReference; lastKnownFileType = sourcecode.swift; path = PaddingBootcamp.swift; sourceTree = "<group>"; };
		50E89D112DF2FFC30017B69F /* SpacerBootcamp.swift */ = {isa = PBXFileReference; lastKnownFileType = sourcecode.swift; path = SpacerBootcamp.swift; sourceTree = "<group>"; };
		50E89D132DF308190017B69F /* InitializerBootcamp.swift */ = {isa = PBXFileReference; lastKnownFileType = sourcecode.swift; path = InitializerBootcamp.swift; sourceTree = "<group>"; };
		50E89D152DF30D9B0017B69F /* ForEachBootcamp.swift */ = {isa = PBXFileReference; lastKnownFileType = sourcecode.swift; path = ForEachBootcamp.swift; sourceTree = "<group>"; };
		50E89D172DF317EC0017B69F /* ScrollViewBootcamp.swift */ = {isa = PBXFileReference; lastKnownFileType = sourcecode.swift; path = ScrollViewBootcamp.swift; sourceTree = "<group>"; };
		50E89D192DF378000017B69F /* GridBootcamp.swift */ = {isa = PBXFileReference; lastKnownFileType = sourcecode.swift; path = GridBootcamp.swift; sourceTree = "<group>"; };
/* End PBXFileReference section */

/* Begin PBXFrameworksBuildPhase section */
		50E89CE62DF1AA1A0017B69F /* Frameworks */ = {
			isa = PBXFrameworksBuildPhase;
			buildActionMask = 2147483647;
			files = (
			);
			runOnlyForDeploymentPostprocessing = 0;
		};
/* End PBXFrameworksBuildPhase section */

/* Begin PBXGroup section */
		50E89CE02DF1AA1A0017B69F = {
			isa = PBXGroup;
			children = (
				50E89CEB2DF1AA1A0017B69F /* SwiftUIBootcamp */,
				50E89CEA2DF1AA1A0017B69F /* Products */,
			);
			sourceTree = "<group>";
		};
		50E89CEA2DF1AA1A0017B69F /* Products */ = {
			isa = PBXGroup;
			children = (
				50E89CE92DF1AA1A0017B69F /* SwiftUIBootcamp.app */,
			);
			name = Products;
			sourceTree = "<group>";
		};
		50E89CEB2DF1AA1A0017B69F /* SwiftUIBootcamp */ = {
			isa = PBXGroup;
			children = (
				50E89CFA2DF1AB900017B69F /* Beginner */,
				50E89CEC2DF1AA1A0017B69F /* SwiftUIBootcampApp.swift */,
				50E89CEE2DF1AA1A0017B69F /* ContentView.swift */,
				50E89CF02DF1AA1C0017B69F /* Assets.xcassets */,
				50E89CF22DF1AA1C0017B69F /* Preview Content */,
			);
			path = SwiftUIBootcamp;
			sourceTree = "<group>";
		};
		50E89CF22DF1AA1C0017B69F /* Preview Content */ = {
			isa = PBXGroup;
			children = (
				50E89CF32DF1AA1C0017B69F /* Preview Assets.xcassets */,
			);
			path = "Preview Content";
			sourceTree = "<group>";
		};
		50E89CFA2DF1AB900017B69F /* Beginner */ = {
			isa = PBXGroup;
			children = (
				50E89CFD2DF1B0D00017B69F /* TextBootcamp.swift */,
				50E89CFF2DF1B2910017B69F /* ShapesBootcamp.swift */,
				50E89D012DF1B8620017B69F /* ColorsBootcamp.swift */,
				50E89D032DF1BA150017B69F /* GradientsBootcamp.swift */,
				50E89D052DF1D94B0017B69F /* IconsBootcamp.swift */,
				50E89D072DF1DC4E0017B69F /* ImageBootcamp.swift */,
				50E89D092DF1E0A20017B69F /* FrameBootcamp.swift */,
				50E89D0B2DF1E5A20017B69F /* BackgroundAndOverlayBootcamp.swift */,
				50E89D0D2DF23D380017B69F /* StacksBootcamp.swift */,
				50E89D0F2DF241E90017B69F /* PaddingBootcamp.swift */,
				50E89D112DF2FFC30017B69F /* SpacerBootcamp.swift */,
				50E89D132DF308190017B69F /* InitializerBootcamp.swift */,
				50E89D152DF30D9B0017B69F /* ForEachBootcamp.swift */,
				50E89D172DF317EC0017B69F /* ScrollViewBootcamp.swift */,
				50E89D192DF378000017B69F /* GridBootcamp.swift */,
			);
			path = Beginner;
			sourceTree = "<group>";
		};
/* End PBXGroup section */

/* Begin PBXNativeTarget section */
		50E89CE82DF1AA1A0017B69F /* SwiftUIBootcamp */ = {
			isa = PBXNativeTarget;
			buildConfigurationList = 50E89CF72DF1AA1C0017B69F /* Build configuration list for PBXNativeTarget "SwiftUIBootcamp" */;
			buildPhases = (
				50E89CE52DF1AA1A0017B69F /* Sources */,
				50E89CE62DF1AA1A0017B69F /* Frameworks */,
				50E89CE72DF1AA1A0017B69F /* Resources */,
			);
			buildRules = (
			);
			dependencies = (
			);
			name = SwiftUIBootcamp;
			productName = SwiftUIBootcamp;
			productReference = 50E89CE92DF1AA1A0017B69F /* SwiftUIBootcamp.app */;
			productType = "com.apple.product-type.application";
		};
/* End PBXNativeTarget section */

/* Begin PBXProject section */
		50E89CE12DF1AA1A0017B69F /* Project object */ = {
			isa = PBXProject;
			attributes = {
				BuildIndependentTargetsInParallel = 1;
				LastSwiftUpdateCheck = 1540;
				LastUpgradeCheck = 1540;
				TargetAttributes = {
					50E89CE82DF1AA1A0017B69F = {
						CreatedOnToolsVersion = 15.4;
					};
				};
			};
			buildConfigurationList = 50E89CE42DF1AA1A0017B69F /* Build configuration list for PBXProject "SwiftUIBootcamp" */;
			compatibilityVersion = "Xcode 14.0";
			developmentRegion = en;
			hasScannedForEncodings = 0;
			knownRegions = (
				en,
				Base,
			);
			mainGroup = 50E89CE02DF1AA1A0017B69F;
			productRefGroup = 50E89CEA2DF1AA1A0017B69F /* Products */;
			projectDirPath = "";
			projectRoot = "";
			targets = (
				50E89CE82DF1AA1A0017B69F /* SwiftUIBootcamp */,
			);
		};
/* End PBXProject section */

/* Begin PBXResourcesBuildPhase section */
		50E89CE72DF1AA1A0017B69F /* Resources */ = {
			isa = PBXResourcesBuildPhase;
			buildActionMask = 2147483647;
			files = (
				50E89CF42DF1AA1C0017B69F /* Preview Assets.xcassets in Resources */,
				50E89CF12DF1AA1C0017B69F /* Assets.xcassets in Resources */,
			);
			runOnlyForDeploymentPostprocessing = 0;
		};
/* End PBXResourcesBuildPhase section */

/* Begin PBXSourcesBuildPhase section */
		50E89CE52DF1AA1A0017B69F /* Sources */ = {
			isa = PBXSourcesBuildPhase;
			buildActionMask = 2147483647;
			files = (
				50E89D042DF1BA150017B69F /* GradientsBootcamp.swift in Sources */,
				50E89D0C2DF1E5A20017B69F /* BackgroundAndOverlayBootcamp.swift in Sources */,
				50E89D182DF317EC0017B69F /* ScrollViewBootcamp.swift in Sources */,
				50E89D022DF1B8620017B69F /* ColorsBootcamp.swift in Sources */,
				50E89D0A2DF1E0A20017B69F /* FrameBootcamp.swift in Sources */,
				50E89D102DF241E90017B69F /* PaddingBootcamp.swift in Sources */,
				50E89D142DF308190017B69F /* InitializerBootcamp.swift in Sources */,
				50E89D002DF1B2920017B69F /* ShapesBootcamp.swift in Sources */,
				50E89CEF2DF1AA1A0017B69F /* ContentView.swift in Sources */,
				50E89D162DF30D9B0017B69F /* ForEachBootcamp.swift in Sources */,
				50E89CFE2DF1B0D00017B69F /* TextBootcamp.swift in Sources */,
				50E89D0E2DF23D380017B69F /* StacksBootcamp.swift in Sources */,
				50E89CED2DF1AA1A0017B69F /* SwiftUIBootcampApp.swift in Sources */,
				50E89D122DF2FFC30017B69F /* SpacerBootcamp.swift in Sources */,
				50E89D1A2DF378000017B69F /* GridBootcamp.swift in Sources */,
				50E89D082DF1DC4E0017B69F /* ImageBootcamp.swift in Sources */,
				50E89D062DF1D94B0017B69F /* IconsBootcamp.swift in Sources */,
			);
			runOnlyForDeploymentPostprocessing = 0;
		};
/* End PBXSourcesBuildPhase section */

/* Begin XCBuildConfiguration section */
		50E89CF52DF1AA1C0017B69F /* Debug */ = {
			isa = XCBuildConfiguration;
			buildSettings = {
				ALWAYS_SEARCH_USER_PATHS = NO;
				ASSETCATALOG_COMPILER_GENERATE_SWIFT_ASSET_SYMBOL_EXTENSIONS = YES;
				CLANG_ANALYZER_NONNULL = YES;
				CLANG_ANALYZER_NUMBER_OBJECT_CONVERSION = YES_AGGRESSIVE;
				CLANG_CXX_LANGUAGE_STANDARD = "gnu++20";
				CLANG_ENABLE_MODULES = YES;
				CLANG_ENABLE_OBJC_ARC = YES;
				CLANG_ENABLE_OBJC_WEAK = YES;
				CLANG_WARN_BLOCK_CAPTURE_AUTORELEASING = YES;
				CLANG_WARN_BOOL_CONVERSION = YES;
				CLANG_WARN_COMMA = YES;
				CLANG_WARN_CONSTANT_CONVERSION = YES;
				CLANG_WARN_DEPRECATED_OBJC_IMPLEMENTATIONS = YES;
				CLANG_WARN_DIRECT_OBJC_ISA_USAGE = YES_ERROR;
				CLANG_WARN_DOCUMENTATION_COMMENTS = YES;
				CLANG_WARN_EMPTY_BODY = YES;
				CLANG_WARN_ENUM_CONVERSION = YES;
				CLANG_WARN_INFINITE_RECURSION = YES;
				CLANG_WARN_INT_CONVERSION = YES;
				CLANG_WARN_NON_LITERAL_NULL_CONVERSION = YES;
				CLANG_WARN_OBJC_IMPLICIT_RETAIN_SELF = YES;
				CLANG_WARN_OBJC_LITERAL_CONVERSION = YES;
				CLANG_WARN_OBJC_ROOT_CLASS = YES_ERROR;
				CLANG_WARN_QUOTED_INCLUDE_IN_FRAMEWORK_HEADER = YES;
				CLANG_WARN_RANGE_LOOP_ANALYSIS = YES;
				CLANG_WARN_STRICT_PROTOTYPES = YES;
				CLANG_WARN_SUSPICIOUS_MOVE = YES;
				CLANG_WARN_UNGUARDED_AVAILABILITY = YES_AGGRESSIVE;
				CLANG_WARN_UNREACHABLE_CODE = YES;
				CLANG_WARN__DUPLICATE_METHOD_MATCH = YES;
				COPY_PHASE_STRIP = NO;
				DEBUG_INFORMATION_FORMAT = dwarf;
				ENABLE_STRICT_OBJC_MSGSEND = YES;
				ENABLE_TESTABILITY = YES;
				ENABLE_USER_SCRIPT_SANDBOXING = YES;
				GCC_C_LANGUAGE_STANDARD = gnu17;
				GCC_DYNAMIC_NO_PIC = NO;
				GCC_NO_COMMON_BLOCKS = YES;
				GCC_OPTIMIZATION_LEVEL = 0;
				GCC_PREPROCESSOR_DEFINITIONS = (
					"DEBUG=1",
					"$(inherited)",
				);
				GCC_WARN_64_TO_32_BIT_CONVERSION = YES;
				GCC_WARN_ABOUT_RETURN_TYPE = YES_ERROR;
				GCC_WARN_UNDECLARED_SELECTOR = YES;
				GCC_WARN_UNINITIALIZED_AUTOS = YES_AGGRESSIVE;
				GCC_WARN_UNUSED_FUNCTION = YES;
				GCC_WARN_UNUSED_VARIABLE = YES;
				IPHONEOS_DEPLOYMENT_TARGET = 17.5;
				LOCALIZATION_PREFERS_STRING_CATALOGS = YES;
				MTL_ENABLE_DEBUG_INFO = INCLUDE_SOURCE;
				MTL_FAST_MATH = YES;
				ONLY_ACTIVE_ARCH = YES;
				SDKROOT = iphoneos;
				SWIFT_ACTIVE_COMPILATION_CONDITIONS = "DEBUG $(inherited)";
				SWIFT_OPTIMIZATION_LEVEL = "-Onone";
			};
			name = Debug;
		};
		50E89CF62DF1AA1C0017B69F /* Release */ = {
			isa = XCBuildConfiguration;
			buildSettings = {
				ALWAYS_SEARCH_USER_PATHS = NO;
				ASSETCATALOG_COMPILER_GENERATE_SWIFT_ASSET_SYMBOL_EXTENSIONS = YES;
				CLANG_ANALYZER_NONNULL = YES;
				CLANG_ANALYZER_NUMBER_OBJECT_CONVERSION = YES_AGGRESSIVE;
				CLANG_CXX_LANGUAGE_STANDARD = "gnu++20";
				CLANG_ENABLE_MODULES = YES;
				CLANG_ENABLE_OBJC_ARC = YES;
				CLANG_ENABLE_OBJC_WEAK = YES;
				CLANG_WARN_BLOCK_CAPTURE_AUTORELEASING = YES;
				CLANG_WARN_BOOL_CONVERSION = YES;
				CLANG_WARN_COMMA = YES;
				CLANG_WARN_CONSTANT_CONVERSION = YES;
				CLANG_WARN_DEPRECATED_OBJC_IMPLEMENTATIONS = YES;
				CLANG_WARN_DIRECT_OBJC_ISA_USAGE = YES_ERROR;
				CLANG_WARN_DOCUMENTATION_COMMENTS = YES;
				CLANG_WARN_EMPTY_BODY = YES;
				CLANG_WARN_ENUM_CONVERSION = YES;
				CLANG_WARN_INFINITE_RECURSION = YES;
				CLANG_WARN_INT_CONVERSION = YES;
				CLANG_WARN_NON_LITERAL_NULL_CONVERSION = YES;
				CLANG_WARN_OBJC_IMPLICIT_RETAIN_SELF = YES;
				CLANG_WARN_OBJC_LITERAL_CONVERSION = YES;
				CLANG_WARN_OBJC_ROOT_CLASS = YES_ERROR;
				CLANG_WARN_QUOTED_INCLUDE_IN_FRAMEWORK_HEADER = YES;
				CLANG_WARN_RANGE_LOOP_ANALYSIS = YES;
				CLANG_WARN_STRICT_PROTOTYPES = YES;
				CLANG_WARN_SUSPICIOUS_MOVE = YES;
				CLANG_WARN_UNGUARDED_AVAILABILITY = YES_AGGRESSIVE;
				CLANG_WARN_UNREACHABLE_CODE = YES;
				CLANG_WARN__DUPLICATE_METHOD_MATCH = YES;
				COPY_PHASE_STRIP = NO;
				DEBUG_INFORMATION_FORMAT = "dwarf-with-dsym";
				ENABLE_NS_ASSERTIONS = NO;
				ENABLE_STRICT_OBJC_MSGSEND = YES;
				ENABLE_USER_SCRIPT_SANDBOXING = YES;
				GCC_C_LANGUAGE_STANDARD = gnu17;
				GCC_NO_COMMON_BLOCKS = YES;
				GCC_WARN_64_TO_32_BIT_CONVERSION = YES;
				GCC_WARN_ABOUT_RETURN_TYPE = YES_ERROR;
				GCC_WARN_UNDECLARED_SELECTOR = YES;
				GCC_WARN_UNINITIALIZED_AUTOS = YES_AGGRESSIVE;
				GCC_WARN_UNUSED_FUNCTION = YES;
				GCC_WARN_UNUSED_VARIABLE = YES;
				IPHONEOS_DEPLOYMENT_TARGET = 17.5;
				LOCALIZATION_PREFERS_STRING_CATALOGS = YES;
				MTL_ENABLE_DEBUG_INFO = NO;
				MTL_FAST_MATH = YES;
				SDKROOT = iphoneos;
				SWIFT_COMPILATION_MODE = wholemodule;
				VALIDATE_PRODUCT = YES;
			};
			name = Release;
		};
		50E89CF82DF1AA1C0017B69F /* Debug */ = {
			isa = XCBuildConfiguration;
			buildSettings = {
				ASSETCATALOG_COMPILER_APPICON_NAME = AppIcon;
				ASSETCATALOG_COMPILER_GLOBAL_ACCENT_COLOR_NAME = AccentColor;
				CODE_SIGN_STYLE = Automatic;
				CURRENT_PROJECT_VERSION = 1;
				DEVELOPMENT_ASSET_PATHS = "\"SwiftUIBootcamp/Preview Content\"";
				DEVELOPMENT_TEAM = 67WTGHWAS3;
				ENABLE_PREVIEWS = YES;
				GENERATE_INFOPLIST_FILE = YES;
				INFOPLIST_KEY_CFBundleDisplayName = Bootcamp;
				INFOPLIST_KEY_UIApplicationSceneManifest_Generation = YES;
				INFOPLIST_KEY_UIApplicationSupportsIndirectInputEvents = YES;
				INFOPLIST_KEY_UILaunchScreen_Generation = YES;
				INFOPLIST_KEY_UISupportedInterfaceOrientations_iPad = "UIInterfaceOrientationPortrait UIInterfaceOrientationPortraitUpsideDown UIInterfaceOrientationLandscapeLeft UIInterfaceOrientationLandscapeRight";
				INFOPLIST_KEY_UISupportedInterfaceOrientations_iPhone = "UIInterfaceOrientationPortrait UIInterfaceOrientationLandscapeLeft UIInterfaceOrientationLandscapeRight";
				IPHONEOS_DEPLOYMENT_TARGET = 14.0;
				LD_RUNPATH_SEARCH_PATHS = (
					"$(inherited)",
					"@executable_path/Frameworks",
				);
				MARKETING_VERSION = 1.0;
				PRODUCT_BUNDLE_IDENTIFIER = com.abdullah.SwiftUIBootcamp;
				PRODUCT_NAME = "$(TARGET_NAME)";
				SWIFT_EMIT_LOC_STRINGS = YES;
				SWIFT_VERSION = 5.0;
				TARGETED_DEVICE_FAMILY = "1,2";
			};
			name = Debug;
		};
		50E89CF92DF1AA1C0017B69F /* Release */ = {
			isa = XCBuildConfiguration;
			buildSettings = {
				ASSETCATALOG_COMPILER_APPICON_NAME = AppIcon;
				ASSETCATALOG_COMPILER_GLOBAL_ACCENT_COLOR_NAME = AccentColor;
				CODE_SIGN_STYLE = Automatic;
				CURRENT_PROJECT_VERSION = 1;
				DEVELOPMENT_ASSET_PATHS = "\"SwiftUIBootcamp/Preview Content\"";
				DEVELOPMENT_TEAM = 67WTGHWAS3;
				ENABLE_PREVIEWS = YES;
				GENERATE_INFOPLIST_FILE = YES;
				INFOPLIST_KEY_CFBundleDisplayName = Bootcamp;
				INFOPLIST_KEY_UIApplicationSceneManifest_Generation = YES;
				INFOPLIST_KEY_UIApplicationSupportsIndirectInputEvents = YES;
				INFOPLIST_KEY_UILaunchScreen_Generation = YES;
				INFOPLIST_KEY_UISupportedInterfaceOrientations_iPad = "UIInterfaceOrientationPortrait UIInterfaceOrientationPortraitUpsideDown UIInterfaceOrientationLandscapeLeft UIInterfaceOrientationLandscapeRight";
				INFOPLIST_KEY_UISupportedInterfaceOrientations_iPhone = "UIInterfaceOrientationPortrait UIInterfaceOrientationLandscapeLeft UIInterfaceOrientationLandscapeRight";
				IPHONEOS_DEPLOYMENT_TARGET = 14.0;
				LD_RUNPATH_SEARCH_PATHS = (
					"$(inherited)",
					"@executable_path/Frameworks",
				);
				MARKETING_VERSION = 1.0;
				PRODUCT_BUNDLE_IDENTIFIER = com.abdullah.SwiftUIBootcamp;
				PRODUCT_NAME = "$(TARGET_NAME)";
				SWIFT_EMIT_LOC_STRINGS = YES;
				SWIFT_VERSION = 5.0;
				TARGETED_DEVICE_FAMILY = "1,2";
			};
			name = Release;
		};
/* End XCBuildConfiguration section */

/* Begin XCConfigurationList section */
		50E89CE42DF1AA1A0017B69F /* Build configuration list for PBXProject "SwiftUIBootcamp" */ = {
			isa = XCConfigurationList;
			buildConfigurations = (
				50E89CF52DF1AA1C0017B69F /* Debug */,
				50E89CF62DF1AA1C0017B69F /* Release */,
			);
			defaultConfigurationIsVisible = 0;
			defaultConfigurationName = Release;
		};
		50E89CF72DF1AA1C0017B69F /* Build configuration list for PBXNativeTarget "SwiftUIBootcamp" */ = {
			isa = XCConfigurationList;
			buildConfigurations = (
				50E89CF82DF1AA1C0017B69F /* Debug */,
				50E89CF92DF1AA1C0017B69F /* Release */,
			);
			defaultConfigurationIsVisible = 0;
			defaultConfigurationName = Release;
		};
/* End XCConfigurationList section */
	};
	rootObject = 50E89CE12DF1AA1A0017B69F /* Project object */;
}
