// !$*UTF8*$!
{
	archiveVersion = 1;
	classes = {
	};
	objectVersion = 56;
	objects = {

/* Begin PBXBuildFile section */
		503121722E6AFF69009B9F94 /* SwiftUIViewMasteryApp.swift in Sources */ = {isa = PBXBuildFile; fileRef = 503121712E6AFF69009B9F94 /* SwiftUIViewMasteryApp.swift */; };
		503121742E6AFF69009B9F94 /* ContentView.swift in Sources */ = {isa = PBXBuildFile; fileRef = 503121732E6AFF69009B9F94 /* ContentView.swift */; };
		503121762E6AFF6B009B9F94 /* Assets.xcassets in Resources */ = {isa = PBXBuildFile; fileRef = 503121752E6AFF6B009B9F94 /* Assets.xcassets */; };
		503121792E6AFF6B009B9F94 /* Preview Assets.xcassets in Resources */ = {isa = PBXBuildFile; fileRef = 503121782E6AFF6B009B9F94 /* Preview Assets.xcassets */; };
		503121812E6B18D0009B9F94 /* HeaderView.swift in Sources */ = {isa = PBXBuildFile; fileRef = 503121802E6B18D0009B9F94 /* HeaderView.swift */; };
		503121832E6B1C42009B9F94 /* SymbolsIntro.swift in Sources */ = {isa = PBXBuildFile; fileRef = 503121822E6B1C42009B9F94 /* SymbolsIntro.swift */; };
		503121852E6B1E19009B9F94 /* Shapes.swift in Sources */ = {isa = PBXBuildFile; fileRef = 503121842E6B1E19009B9F94 /* Shapes.swift */; };
		503121872E6B21E8009B9F94 /* ViewSizes_Pull_In.swift in Sources */ = {isa = PBXBuildFile; fileRef = 503121862E6B21E8009B9F94 /* ViewSizes_Pull_In.swift */; };
		503121892E6B23F0009B9F94 /* ViewSizes_Push_Out.swift in Sources */ = {isa = PBXBuildFile; fileRef = 503121882E6B23F0009B9F94 /* ViewSizes_Push_Out.swift */; };
		5031218B2E6B3E24009B9F94 /* Previews_Intro.swift in Sources */ = {isa = PBXBuildFile; fileRef = 5031218A2E6B3E24009B9F94 /* Previews_Intro.swift */; };
		5031218D2E6C20F8009B9F94 /* VStack_Intro.swift in Sources */ = {isa = PBXBuildFile; fileRef = 5031218C2E6C20F8009B9F94 /* VStack_Intro.swift */; };
		5031218F2E6C31CD009B9F94 /* VStack_Alignment.swift in Sources */ = {isa = PBXBuildFile; fileRef = 5031218E2E6C31CD009B9F94 /* VStack_Alignment.swift */; };
		503121912E6C53A0009B9F94 /* LazyVStack_Intro.swift in Sources */ = {isa = PBXBuildFile; fileRef = 503121902E6C53A0009B9F94 /* LazyVStack_Intro.swift */; };
		503121932E6C7320009B9F94 /* LazyVStackWithScrolling.swift in Sources */ = {isa = PBXBuildFile; fileRef = 503121922E6C7320009B9F94 /* LazyVStackWithScrolling.swift */; };
		50CC73692E7ED7A50067DAF1 /* HStack_Intro.swift in Sources */ = {isa = PBXBuildFile; fileRef = 50CC73682E7ED7A50067DAF1 /* HStack_Intro.swift */; };
		50CC736E2E7ED97C0067DAF1 /* HStack_Spacing.swift in Sources */ = {isa = PBXBuildFile; fileRef = 50CC736D2E7ED97C0067DAF1 /* HStack_Spacing.swift */; };
/* End PBXBuildFile section */

/* Begin PBXFileReference section */
		5031216E2E6AFF69009B9F94 /* SwiftUIViewMastery.app */ = {isa = PBXFileReference; explicitFileType = wrapper.application; includeInIndex = 0; path = SwiftUIViewMastery.app; sourceTree = BUILT_PRODUCTS_DIR; };
		503121712E6AFF69009B9F94 /* SwiftUIViewMasteryApp.swift */ = {isa = PBXFileReference; lastKnownFileType = sourcecode.swift; path = SwiftUIViewMasteryApp.swift; sourceTree = "<group>"; };
		503121732E6AFF69009B9F94 /* ContentView.swift */ = {isa = PBXFileReference; lastKnownFileType = sourcecode.swift; path = ContentView.swift; sourceTree = "<group>"; };
		503121752E6AFF6B009B9F94 /* Assets.xcassets */ = {isa = PBXFileReference; lastKnownFileType = folder.assetcatalog; path = Assets.xcassets; sourceTree = "<group>"; };
		503121782E6AFF6B009B9F94 /* Preview Assets.xcassets */ = {isa = PBXFileReference; lastKnownFileType = folder.assetcatalog; path = "Preview Assets.xcassets"; sourceTree = "<group>"; };
		503121802E6B18D0009B9F94 /* HeaderView.swift */ = {isa = PBXFileReference; lastKnownFileType = sourcecode.swift; path = HeaderView.swift; sourceTree = "<group>"; };
		503121822E6B1C42009B9F94 /* SymbolsIntro.swift */ = {isa = PBXFileReference; lastKnownFileType = sourcecode.swift; path = SymbolsIntro.swift; sourceTree = "<group>"; };
		503121842E6B1E19009B9F94 /* Shapes.swift */ = {isa = PBXFileReference; lastKnownFileType = sourcecode.swift; path = Shapes.swift; sourceTree = "<group>"; };
		503121862E6B21E8009B9F94 /* ViewSizes_Pull_In.swift */ = {isa = PBXFileReference; lastKnownFileType = sourcecode.swift; path = ViewSizes_Pull_In.swift; sourceTree = "<group>"; };
		503121882E6B23F0009B9F94 /* ViewSizes_Push_Out.swift */ = {isa = PBXFileReference; lastKnownFileType = sourcecode.swift; path = ViewSizes_Push_Out.swift; sourceTree = "<group>"; };
		5031218A2E6B3E24009B9F94 /* Previews_Intro.swift */ = {isa = PBXFileReference; lastKnownFileType = sourcecode.swift; path = Previews_Intro.swift; sourceTree = "<group>"; };
		5031218C2E6C20F8009B9F94 /* VStack_Intro.swift */ = {isa = PBXFileReference; lastKnownFileType = sourcecode.swift; path = VStack_Intro.swift; sourceTree = "<group>"; };
		5031218E2E6C31CD009B9F94 /* VStack_Alignment.swift */ = {isa = PBXFileReference; lastKnownFileType = sourcecode.swift; path = VStack_Alignment.swift; sourceTree = "<group>"; };
		503121902E6C53A0009B9F94 /* LazyVStack_Intro.swift */ = {isa = PBXFileReference; lastKnownFileType = sourcecode.swift; path = LazyVStack_Intro.swift; sourceTree = "<group>"; };
		503121922E6C7320009B9F94 /* LazyVStackWithScrolling.swift */ = {isa = PBXFileReference; lastKnownFileType = sourcecode.swift; path = LazyVStackWithScrolling.swift; sourceTree = "<group>"; };
		50CC73682E7ED7A50067DAF1 /* HStack_Intro.swift */ = {isa = PBXFileReference; lastKnownFileType = sourcecode.swift; path = HStack_Intro.swift; sourceTree = "<group>"; };
		50CC736D2E7ED97C0067DAF1 /* HStack_Spacing.swift */ = {isa = PBXFileReference; lastKnownFileType = sourcecode.swift; path = HStack_Spacing.swift; sourceTree = "<group>"; };
/* End PBXFileReference section */

/* Begin PBXFrameworksBuildPhase section */
		5031216B2E6AFF69009B9F94 /* Frameworks */ = {
			isa = PBXFrameworksBuildPhase;
			buildActionMask = 2147483647;
			files = (
			);
			runOnlyForDeploymentPostprocessing = 0;
		};
/* End PBXFrameworksBuildPhase section */

/* Begin PBXGroup section */
		503121652E6AFF69009B9F94 = {
			isa = PBXGroup;
			children = (
				503121702E6AFF69009B9F94 /* SwiftUIViewMastery */,
				5031216F2E6AFF69009B9F94 /* Products */,
			);
			sourceTree = "<group>";
		};
		5031216F2E6AFF69009B9F94 /* Products */ = {
			isa = PBXGroup;
			children = (
				5031216E2E6AFF69009B9F94 /* SwiftUIViewMastery.app */,
			);
			name = Products;
			sourceTree = "<group>";
		};
		503121702E6AFF69009B9F94 /* SwiftUIViewMastery */ = {
			isa = PBXGroup;
			children = (
				5031217F2E6B18B8009B9F94 /* ViewMastery */,
				503121712E6AFF69009B9F94 /* SwiftUIViewMasteryApp.swift */,
				503121732E6AFF69009B9F94 /* ContentView.swift */,
				503121752E6AFF6B009B9F94 /* Assets.xcassets */,
				503121772E6AFF6B009B9F94 /* Preview Content */,
			);
			path = SwiftUIViewMastery;
			sourceTree = "<group>";
		};
		503121772E6AFF6B009B9F94 /* Preview Content */ = {
			isa = PBXGroup;
			children = (
				503121782E6AFF6B009B9F94 /* Preview Assets.xcassets */,
			);
			path = "Preview Content";
			sourceTree = "<group>";
		};
		5031217F2E6B18B8009B9F94 /* ViewMastery */ = {
			isa = PBXGroup;
			children = (
				50CC736C2E7ED9460067DAF1 /* Introduction */,
				50CC736B2E7ED92D0067DAF1 /* VStack */,
				50CC736A2E7ED9100067DAF1 /* HStack */,
			);
			path = ViewMastery;
			sourceTree = "<group>";
		};
		50CC736A2E7ED9100067DAF1 /* HStack */ = {
			isa = PBXGroup;
			children = (
				50CC73682E7ED7A50067DAF1 /* HStack_Intro.swift */,
				50CC736D2E7ED97C0067DAF1 /* HStack_Spacing.swift */,
			);
			path = HStack;
			sourceTree = "<group>";
		};
		50CC736B2E7ED92D0067DAF1 /* VStack */ = {
			isa = PBXGroup;
			children = (
				5031218C2E6C20F8009B9F94 /* VStack_Intro.swift */,
				5031218E2E6C31CD009B9F94 /* VStack_Alignment.swift */,
				503121902E6C53A0009B9F94 /* LazyVStack_Intro.swift */,
				503121922E6C7320009B9F94 /* LazyVStackWithScrolling.swift */,
			);
			path = VStack;
			sourceTree = "<group>";
		};
		50CC736C2E7ED9460067DAF1 /* Introduction */ = {
			isa = PBXGroup;
			children = (
				503121802E6B18D0009B9F94 /* HeaderView.swift */,
				503121822E6B1C42009B9F94 /* SymbolsIntro.swift */,
				503121842E6B1E19009B9F94 /* Shapes.swift */,
				503121862E6B21E8009B9F94 /* ViewSizes_Pull_In.swift */,
				503121882E6B23F0009B9F94 /* ViewSizes_Push_Out.swift */,
				5031218A2E6B3E24009B9F94 /* Previews_Intro.swift */,
			);
			path = Introduction;
			sourceTree = "<group>";
		};
/* End PBXGroup section */

/* Begin PBXNativeTarget section */
		5031216D2E6AFF69009B9F94 /* SwiftUIViewMastery */ = {
			isa = PBXNativeTarget;
			buildConfigurationList = 5031217C2E6AFF6B009B9F94 /* Build configuration list for PBXNativeTarget "SwiftUIViewMastery" */;
			buildPhases = (
				5031216A2E6AFF69009B9F94 /* Sources */,
				5031216B2E6AFF69009B9F94 /* Frameworks */,
				5031216C2E6AFF69009B9F94 /* Resources */,
			);
			buildRules = (
			);
			dependencies = (
			);
			name = SwiftUIViewMastery;
			productName = SwiftUIViewMastery;
			productReference = 5031216E2E6AFF69009B9F94 /* SwiftUIViewMastery.app */;
			productType = "com.apple.product-type.application";
		};
/* End PBXNativeTarget section */

/* Begin PBXProject section */
		503121662E6AFF69009B9F94 /* Project object */ = {
			isa = PBXProject;
			attributes = {
				BuildIndependentTargetsInParallel = 1;
				LastSwiftUpdateCheck = 1540;
				LastUpgradeCheck = 1540;
				TargetAttributes = {
					5031216D2E6AFF69009B9F94 = {
						CreatedOnToolsVersion = 15.4;
					};
				};
			};
			buildConfigurationList = 503121692E6AFF69009B9F94 /* Build configuration list for PBXProject "SwiftUIViewMastery" */;
			compatibilityVersion = "Xcode 14.0";
			developmentRegion = en;
			hasScannedForEncodings = 0;
			knownRegions = (
				en,
				Base,
			);
			mainGroup = 503121652E6AFF69009B9F94;
			productRefGroup = 5031216F2E6AFF69009B9F94 /* Products */;
			projectDirPath = "";
			projectRoot = "";
			targets = (
				5031216D2E6AFF69009B9F94 /* SwiftUIViewMastery */,
			);
		};
/* End PBXProject section */

/* Begin PBXResourcesBuildPhase section */
		5031216C2E6AFF69009B9F94 /* Resources */ = {
			isa = PBXResourcesBuildPhase;
			buildActionMask = 2147483647;
			files = (
				503121792E6AFF6B009B9F94 /* Preview Assets.xcassets in Resources */,
				503121762E6AFF6B009B9F94 /* Assets.xcassets in Resources */,
			);
			runOnlyForDeploymentPostprocessing = 0;
		};
/* End PBXResourcesBuildPhase section */

/* Begin PBXSourcesBuildPhase section */
		5031216A2E6AFF69009B9F94 /* Sources */ = {
			isa = PBXSourcesBuildPhase;
			buildActionMask = 2147483647;
			files = (
				503121892E6B23F0009B9F94 /* ViewSizes_Push_Out.swift in Sources */,
				503121932E6C7320009B9F94 /* LazyVStackWithScrolling.swift in Sources */,
				503121742E6AFF69009B9F94 /* ContentView.swift in Sources */,
				503121912E6C53A0009B9F94 /* LazyVStack_Intro.swift in Sources */,
				5031218F2E6C31CD009B9F94 /* VStack_Alignment.swift in Sources */,
				50CC73692E7ED7A50067DAF1 /* HStack_Intro.swift in Sources */,
				503121872E6B21E8009B9F94 /* ViewSizes_Pull_In.swift in Sources */,
				50CC736E2E7ED97C0067DAF1 /* HStack_Spacing.swift in Sources */,
				503121812E6B18D0009B9F94 /* HeaderView.swift in Sources */,
				503121852E6B1E19009B9F94 /* Shapes.swift in Sources */,
				503121832E6B1C42009B9F94 /* SymbolsIntro.swift in Sources */,
				503121722E6AFF69009B9F94 /* SwiftUIViewMasteryApp.swift in Sources */,
				5031218B2E6B3E24009B9F94 /* Previews_Intro.swift in Sources */,
				5031218D2E6C20F8009B9F94 /* VStack_Intro.swift in Sources */,
			);
			runOnlyForDeploymentPostprocessing = 0;
		};
/* End PBXSourcesBuildPhase section */

/* Begin XCBuildConfiguration section */
		5031217A2E6AFF6B009B9F94 /* Debug */ = {
			isa = XCBuildConfiguration;
			buildSettings = {
				ALWAYS_SEARCH_USER_PATHS = NO;
				ASSETCATALOG_COMPILER_GENERATE_SWIFT_ASSET_SYMBOL_EXTENSIONS = YES;
				CLANG_ANALYZER_NONNULL = YES;
				CLANG_ANALYZER_NUMBER_OBJECT_CONVERSION = YES_AGGRESSIVE;
				CLANG_CXX_LANGUAGE_STANDARD = "gnu++20";
				CLANG_ENABLE_MODULES = YES;
				CLANG_ENABLE_OBJC_ARC = YES;
				CLANG_ENABLE_OBJC_WEAK = YES;
				CLANG_WARN_BLOCK_CAPTURE_AUTORELEASING = YES;
				CLANG_WARN_BOOL_CONVERSION = YES;
				CLANG_WARN_COMMA = YES;
				CLANG_WARN_CONSTANT_CONVERSION = YES;
				CLANG_WARN_DEPRECATED_OBJC_IMPLEMENTATIONS = YES;
				CLANG_WARN_DIRECT_OBJC_ISA_USAGE = YES_ERROR;
				CLANG_WARN_DOCUMENTATION_COMMENTS = YES;
				CLANG_WARN_EMPTY_BODY = YES;
				CLANG_WARN_ENUM_CONVERSION = YES;
				CLANG_WARN_INFINITE_RECURSION = YES;
				CLANG_WARN_INT_CONVERSION = YES;
				CLANG_WARN_NON_LITERAL_NULL_CONVERSION = YES;
				CLANG_WARN_OBJC_IMPLICIT_RETAIN_SELF = YES;
				CLANG_WARN_OBJC_LITERAL_CONVERSION = YES;
				CLANG_WARN_OBJC_ROOT_CLASS = YES_ERROR;
				CLANG_WARN_QUOTED_INCLUDE_IN_FRAMEWORK_HEADER = YES;
				CLANG_WARN_RANGE_LOOP_ANALYSIS = YES;
				CLANG_WARN_STRICT_PROTOTYPES = YES;
				CLANG_WARN_SUSPICIOUS_MOVE = YES;
				CLANG_WARN_UNGUARDED_AVAILABILITY = YES_AGGRESSIVE;
				CLANG_WARN_UNREACHABLE_CODE = YES;
				CLANG_WARN__DUPLICATE_METHOD_MATCH = YES;
				COPY_PHASE_STRIP = NO;
				DEBUG_INFORMATION_FORMAT = dwarf;
				ENABLE_STRICT_OBJC_MSGSEND = YES;
				ENABLE_TESTABILITY = YES;
				ENABLE_USER_SCRIPT_SANDBOXING = YES;
				GCC_C_LANGUAGE_STANDARD = gnu17;
				GCC_DYNAMIC_NO_PIC = NO;
				GCC_NO_COMMON_BLOCKS = YES;
				GCC_OPTIMIZATION_LEVEL = 0;
				GCC_PREPROCESSOR_DEFINITIONS = (
					"DEBUG=1",
					"$(inherited)",
				);
				GCC_WARN_64_TO_32_BIT_CONVERSION = YES;
				GCC_WARN_ABOUT_RETURN_TYPE = YES_ERROR;
				GCC_WARN_UNDECLARED_SELECTOR = YES;
				GCC_WARN_UNINITIALIZED_AUTOS = YES_AGGRESSIVE;
				GCC_WARN_UNUSED_FUNCTION = YES;
				GCC_WARN_UNUSED_VARIABLE = YES;
				IPHONEOS_DEPLOYMENT_TARGET = 17.5;
				LOCALIZATION_PREFERS_STRING_CATALOGS = YES;
				MTL_ENABLE_DEBUG_INFO = INCLUDE_SOURCE;
				MTL_FAST_MATH = YES;
				ONLY_ACTIVE_ARCH = YES;
				SDKROOT = iphoneos;
				SWIFT_ACTIVE_COMPILATION_CONDITIONS = "DEBUG $(inherited)";
				SWIFT_OPTIMIZATION_LEVEL = "-Onone";
			};
			name = Debug;
		};
		5031217B2E6AFF6B009B9F94 /* Release */ = {
			isa = XCBuildConfiguration;
			buildSettings = {
				ALWAYS_SEARCH_USER_PATHS = NO;
				ASSETCATALOG_COMPILER_GENERATE_SWIFT_ASSET_SYMBOL_EXTENSIONS = YES;
				CLANG_ANALYZER_NONNULL = YES;
				CLANG_ANALYZER_NUMBER_OBJECT_CONVERSION = YES_AGGRESSIVE;
				CLANG_CXX_LANGUAGE_STANDARD = "gnu++20";
				CLANG_ENABLE_MODULES = YES;
				CLANG_ENABLE_OBJC_ARC = YES;
				CLANG_ENABLE_OBJC_WEAK = YES;
				CLANG_WARN_BLOCK_CAPTURE_AUTORELEASING = YES;
				CLANG_WARN_BOOL_CONVERSION = YES;
				CLANG_WARN_COMMA = YES;
				CLANG_WARN_CONSTANT_CONVERSION = YES;
				CLANG_WARN_DEPRECATED_OBJC_IMPLEMENTATIONS = YES;
				CLANG_WARN_DIRECT_OBJC_ISA_USAGE = YES_ERROR;
				CLANG_WARN_DOCUMENTATION_COMMENTS = YES;
				CLANG_WARN_EMPTY_BODY = YES;
				CLANG_WARN_ENUM_CONVERSION = YES;
				CLANG_WARN_INFINITE_RECURSION = YES;
				CLANG_WARN_INT_CONVERSION = YES;
				CLANG_WARN_NON_LITERAL_NULL_CONVERSION = YES;
				CLANG_WARN_OBJC_IMPLICIT_RETAIN_SELF = YES;
				CLANG_WARN_OBJC_LITERAL_CONVERSION = YES;
				CLANG_WARN_OBJC_ROOT_CLASS = YES_ERROR;
				CLANG_WARN_QUOTED_INCLUDE_IN_FRAMEWORK_HEADER = YES;
				CLANG_WARN_RANGE_LOOP_ANALYSIS = YES;
				CLANG_WARN_STRICT_PROTOTYPES = YES;
				CLANG_WARN_SUSPICIOUS_MOVE = YES;
				CLANG_WARN_UNGUARDED_AVAILABILITY = YES_AGGRESSIVE;
				CLANG_WARN_UNREACHABLE_CODE = YES;
				CLANG_WARN__DUPLICATE_METHOD_MATCH = YES;
				COPY_PHASE_STRIP = NO;
				DEBUG_INFORMATION_FORMAT = "dwarf-with-dsym";
				ENABLE_NS_ASSERTIONS = NO;
				ENABLE_STRICT_OBJC_MSGSEND = YES;
				ENABLE_USER_SCRIPT_SANDBOXING = YES;
				GCC_C_LANGUAGE_STANDARD = gnu17;
				GCC_NO_COMMON_BLOCKS = YES;
				GCC_WARN_64_TO_32_BIT_CONVERSION = YES;
				GCC_WARN_ABOUT_RETURN_TYPE = YES_ERROR;
				GCC_WARN_UNDECLARED_SELECTOR = YES;
				GCC_WARN_UNINITIALIZED_AUTOS = YES_AGGRESSIVE;
				GCC_WARN_UNUSED_FUNCTION = YES;
				GCC_WARN_UNUSED_VARIABLE = YES;
				IPHONEOS_DEPLOYMENT_TARGET = 17.5;
				LOCALIZATION_PREFERS_STRING_CATALOGS = YES;
				MTL_ENABLE_DEBUG_INFO = NO;
				MTL_FAST_MATH = YES;
				SDKROOT = iphoneos;
				SWIFT_COMPILATION_MODE = wholemodule;
				VALIDATE_PRODUCT = YES;
			};
			name = Release;
		};
		5031217D2E6AFF6B009B9F94 /* Debug */ = {
			isa = XCBuildConfiguration;
			buildSettings = {
				ASSETCATALOG_COMPILER_APPICON_NAME = AppIcon;
				ASSETCATALOG_COMPILER_GLOBAL_ACCENT_COLOR_NAME = AccentColor;
				CODE_SIGN_STYLE = Automatic;
				CURRENT_PROJECT_VERSION = 1;
				DEVELOPMENT_ASSET_PATHS = "\"SwiftUIViewMastery/Preview Content\"";
				DEVELOPMENT_TEAM = 67WTGHWAS3;
				ENABLE_PREVIEWS = YES;
				GENERATE_INFOPLIST_FILE = YES;
				INFOPLIST_KEY_UIApplicationSceneManifest_Generation = YES;
				INFOPLIST_KEY_UIApplicationSupportsIndirectInputEvents = YES;
				INFOPLIST_KEY_UILaunchScreen_Generation = YES;
				INFOPLIST_KEY_UISupportedInterfaceOrientations_iPad = "UIInterfaceOrientationPortrait UIInterfaceOrientationPortraitUpsideDown UIInterfaceOrientationLandscapeLeft UIInterfaceOrientationLandscapeRight";
				INFOPLIST_KEY_UISupportedInterfaceOrientations_iPhone = "UIInterfaceOrientationPortrait UIInterfaceOrientationLandscapeLeft UIInterfaceOrientationLandscapeRight";
				LD_RUNPATH_SEARCH_PATHS = (
					"$(inherited)",
					"@executable_path/Frameworks",
				);
				MARKETING_VERSION = 1.0;
				PRODUCT_BUNDLE_IDENTIFIER = com.abdullah.SwiftUIViewMastery;
				PRODUCT_NAME = "$(TARGET_NAME)";
				SWIFT_EMIT_LOC_STRINGS = YES;
				SWIFT_VERSION = 5.0;
				TARGETED_DEVICE_FAMILY = "1,2";
			};
			name = Debug;
		};
		5031217E2E6AFF6B009B9F94 /* Release */ = {
			isa = XCBuildConfiguration;
			buildSettings = {
				ASSETCATALOG_COMPILER_APPICON_NAME = AppIcon;
				ASSETCATALOG_COMPILER_GLOBAL_ACCENT_COLOR_NAME = AccentColor;
				CODE_SIGN_STYLE = Automatic;
				CURRENT_PROJECT_VERSION = 1;
				DEVELOPMENT_ASSET_PATHS = "\"SwiftUIViewMastery/Preview Content\"";
				DEVELOPMENT_TEAM = 67WTGHWAS3;
				ENABLE_PREVIEWS = YES;
				GENERATE_INFOPLIST_FILE = YES;
				INFOPLIST_KEY_UIApplicationSceneManifest_Generation = YES;
				INFOPLIST_KEY_UIApplicationSupportsIndirectInputEvents = YES;
				INFOPLIST_KEY_UILaunchScreen_Generation = YES;
				INFOPLIST_KEY_UISupportedInterfaceOrientations_iPad = "UIInterfaceOrientationPortrait UIInterfaceOrientationPortraitUpsideDown UIInterfaceOrientationLandscapeLeft UIInterfaceOrientationLandscapeRight";
				INFOPLIST_KEY_UISupportedInterfaceOrientations_iPhone = "UIInterfaceOrientationPortrait UIInterfaceOrientationLandscapeLeft UIInterfaceOrientationLandscapeRight";
				LD_RUNPATH_SEARCH_PATHS = (
					"$(inherited)",
					"@executable_path/Frameworks",
				);
				MARKETING_VERSION = 1.0;
				PRODUCT_BUNDLE_IDENTIFIER = com.abdullah.SwiftUIViewMastery;
				PRODUCT_NAME = "$(TARGET_NAME)";
				SWIFT_EMIT_LOC_STRINGS = YES;
				SWIFT_VERSION = 5.0;
				TARGETED_DEVICE_FAMILY = "1,2";
			};
			name = Release;
		};
/* End XCBuildConfiguration section */

/* Begin XCConfigurationList section */
		503121692E6AFF69009B9F94 /* Build configuration list for PBXProject "SwiftUIViewMastery" */ = {
			isa = XCConfigurationList;
			buildConfigurations = (
				5031217A2E6AFF6B009B9F94 /* Debug */,
				5031217B2E6AFF6B009B9F94 /* Release */,
			);
			defaultConfigurationIsVisible = 0;
			defaultConfigurationName = Release;
		};
		5031217C2E6AFF6B009B9F94 /* Build configuration list for PBXNativeTarget "SwiftUIViewMastery" */ = {
			isa = XCConfigurationList;
			buildConfigurations = (
				5031217D2E6AFF6B009B9F94 /* Debug */,
				5031217E2E6AFF6B009B9F94 /* Release */,
			);
			defaultConfigurationIsVisible = 0;
			defaultConfigurationName = Release;
		};
/* End XCConfigurationList section */
	};
	rootObject = 503121662E6AFF69009B9F94 /* Project object */;
}
